Microsoft Visual Studio Solution File, Format Version 12.00
# Visual Studio 15
VisualStudioVersion = 15.0.26730.16
MinimumVisualStudioVersion = 15.0.26124.0
Project("{9A19103F-16F7-4668-BE54-9A1E7A4F7556}") = "PeopleWithPets.Domain", "PeopleWithPets.Domain\PeopleWithPets.Domain.csproj", "{C7B30490-736E-441B-B8BF-E083242D2392}"
EndProject
Project("{9A19103F-16F7-4668-BE54-9A1E7A4F7556}") = "PeopleWithPets.DataAccess", "PeopleWithPets.DataAccess\PeopleWithPets.DataAccess.csproj", "{E0136D12-9584-40EA-AB14-2ABC1D65BD5E}"
EndProject
Project("{9A19103F-16F7-4668-BE54-9A1E7A4F7556}") = "PeopleWithPets.WebAPI", "PeopleWithPets.WebAPI\PeopleWithPets.WebAPI.csproj", "{34CBADFF-B00E-4405-8E49-FD8EC44FCFA7}"
EndProject
Project("{2150E333-8FDC-42A3-9474-1A3956D46DE8}") = "Tests", "Tests", "{57C84ACF-0DFB-43BF-A85D-34BA597F5C6B}"
EndProject
Project("{9A19103F-16F7-4668-BE54-9A1E7A4F7556}") = "PeopleWithPets.WebAPI.Tests", "Tests\PeopleWithPets.WebAPI.Tests\PeopleWithPets.WebAPI.Tests.csproj", "{8E5F17C2-65BC-4313-894C-703CF32F681F}"
EndProject
Project("{9A19103F-16F7-4668-BE54-9A1E7A4F7556}") = "PeopleWithPets.Domain.Tests", "Tests\PeopleWithPets.Domain.Tests\PeopleWithPets.Domain.Tests.csproj", "{DD58FDEE-55B4-4DF7-A625-1C321D4787A3}"
EndProject
Project("{9A19103F-16F7-4668-BE54-9A1E7A4F7556}") = "PeopleWithPets.DataAccess.Tests", "Tests\PeopleWithPets.DataAccess.Tests\PeopleWithPets.DataAccess.Tests.csproj", "{82E3EC3A-FEA4-4FF3-A464-61C7327E7E0F}"
EndProject
Global
	GlobalSection(SolutionConfigurationPlatforms) = preSolution
		Debug|Any CPU = Debug|Any CPU
		Debug|x64 = Debug|x64
		Debug|x86 = Debug|x86
		Release|Any CPU = Release|Any CPU
		Release|x64 = Release|x64
		Release|x86 = Release|x86
	EndGlobalSection
	GlobalSection(ProjectConfigurationPlatforms) = postSolution
		{C7B30490-736E-441B-B8BF-E083242D2392}.Debug|Any CPU.ActiveCfg = Debug|Any CPU
		{C7B30490-736E-441B-B8BF-E083242D2392}.Debug|Any CPU.Build.0 = Debug|Any CPU
		{C7B30490-736E-441B-B8BF-E083242D2392}.Debug|x64.ActiveCfg = Debug|Any CPU
		{C7B30490-736E-441B-B8BF-E083242D2392}.Debug|x64.Build.0 = Debug|Any CPU
		{C7B30490-736E-441B-B8BF-E083242D2392}.Debug|x86.ActiveCfg = Debug|Any CPU
		{C7B30490-736E-441B-B8BF-E083242D2392}.Debug|x86.Build.0 = Debug|Any CPU
		{C7B30490-736E-441B-B8BF-E083242D2392}.Release|Any CPU.ActiveCfg = Release|Any CPU
		{C7B30490-736E-441B-B8BF-E083242D2392}.Release|Any CPU.Build.0 = Release|Any CPU
		{C7B30490-736E-441B-B8BF-E083242D2392}.Release|x64.ActiveCfg = Release|Any CPU
		{C7B30490-736E-441B-B8BF-E083242D2392}.Release|x64.Build.0 = Release|Any CPU
		{C7B30490-736E-441B-B8BF-E083242D2392}.Release|x86.ActiveCfg = Release|Any CPU
		{C7B30490-736E-441B-B8BF-E083242D2392}.Release|x86.Build.0 = Release|Any CPU
		{E0136D12-9584-40EA-AB14-2ABC1D65BD5E}.Debug|Any CPU.ActiveCfg = Debug|Any CPU
		{E0136D12-9584-40EA-AB14-2ABC1D65BD5E}.Debug|Any CPU.Build.0 = Debug|Any CPU
		{E0136D12-9584-40EA-AB14-2ABC1D65BD5E}.Debug|x64.ActiveCfg = Debug|Any CPU
		{E0136D12-9584-40EA-AB14-2ABC1D65BD5E}.Debug|x64.Build.0 = Debug|Any CPU
		{E0136D12-9584-40EA-AB14-2ABC1D65BD5E}.Debug|x86.ActiveCfg = Debug|Any CPU
		{E0136D12-9584-40EA-AB14-2ABC1D65BD5E}.Debug|x86.Build.0 = Debug|Any CPU
		{E0136D12-9584-40EA-AB14-2ABC1D65BD5E}.Release|Any CPU.ActiveCfg = Release|Any CPU
		{E0136D12-9584-40EA-AB14-2ABC1D65BD5E}.Release|Any CPU.Build.0 = Release|Any CPU
		{E0136D12-9584-40EA-AB14-2ABC1D65BD5E}.Release|x64.ActiveCfg = Release|Any CPU
		{E0136D12-9584-40EA-AB14-2ABC1D65BD5E}.Release|x64.Build.0 = Release|Any CPU
		{E0136D12-9584-40EA-AB14-2ABC1D65BD5E}.Release|x86.ActiveCfg = Release|Any CPU
		{E0136D12-9584-40EA-AB14-2ABC1D65BD5E}.Release|x86.Build.0 = Release|Any CPU
		{34CBADFF-B00E-4405-8E49-FD8EC44FCFA7}.Debug|Any CPU.ActiveCfg = Debug|Any CPU
		{34CBADFF-B00E-4405-8E49-FD8EC44FCFA7}.Debug|Any CPU.Build.0 = Debug|Any CPU
		{34CBADFF-B00E-4405-8E49-FD8EC44FCFA7}.Debug|x64.ActiveCfg = Debug|Any CPU
		{34CBADFF-B00E-4405-8E49-FD8EC44FCFA7}.Debug|x64.Build.0 = Debug|Any CPU
		{34CBADFF-B00E-4405-8E49-FD8EC44FCFA7}.Debug|x86.ActiveCfg = Debug|Any CPU
		{34CBADFF-B00E-4405-8E49-FD8EC44FCFA7}.Debug|x86.Build.0 = Debug|Any CPU
		{34CBADFF-B00E-4405-8E49-FD8EC44FCFA7}.Release|Any CPU.ActiveCfg = Release|Any CPU
		{34CBADFF-B00E-4405-8E49-FD8EC44FCFA7}.Release|Any CPU.Build.0 = Release|Any CPU
		{34CBADFF-B00E-4405-8E49-FD8EC44FCFA7}.Release|x64.ActiveCfg = Release|Any CPU
		{34CBADFF-B00E-4405-8E49-FD8EC44FCFA7}.Release|x64.Build.0 = Release|Any CPU
		{34CBADFF-B00E-4405-8E49-FD8EC44FCFA7}.Release|x86.ActiveCfg = Release|Any CPU
		{34CBADFF-B00E-4405-8E49-FD8EC44FCFA7}.Release|x86.Build.0 = Release|Any CPU
		{8E5F17C2-65BC-4313-894C-703CF32F681F}.Debug|Any CPU.ActiveCfg = Debug|Any CPU
		{8E5F17C2-65BC-4313-894C-703CF32F681F}.Debug|Any CPU.Build.0 = Debug|Any CPU
		{8E5F17C2-65BC-4313-894C-703CF32F681F}.Debug|x64.ActiveCfg = Debug|Any CPU
		{8E5F17C2-65BC-4313-894C-703CF32F681F}.Debug|x64.Build.0 = Debug|Any CPU
		{8E5F17C2-65BC-4313-894C-703CF32F681F}.Debug|x86.ActiveCfg = Debug|Any CPU
		{8E5F17C2-65BC-4313-894C-703CF32F681F}.Debug|x86.Build.0 = Debug|Any CPU
		{8E5F17C2-65BC-4313-894C-703CF32F681F}.Release|Any CPU.ActiveCfg = Release|Any CPU
		{8E5F17C2-65BC-4313-894C-703CF32F681F}.Release|Any CPU.Build.0 = Release|Any CPU
		{8E5F17C2-65BC-4313-894C-703CF32F681F}.Release|x64.ActiveCfg = Release|Any CPU
		{8E5F17C2-65BC-4313-894C-703CF32F681F}.Release|x64.Build.0 = Release|Any CPU
		{8E5F17C2-65BC-4313-894C-703CF32F681F}.Release|x86.ActiveCfg = Release|Any CPU
		{8E5F17C2-65BC-4313-894C-703CF32F681F}.Release|x86.Build.0 = Release|Any CPU
		{DD58FDEE-55B4-4DF7-A625-1C321D4787A3}.Debug|Any CPU.ActiveCfg = Debug|Any CPU
		{DD58FDEE-55B4-4DF7-A625-1C321D4787A3}.Debug|Any CPU.Build.0 = Debug|Any CPU
		{DD58FDEE-55B4-4DF7-A625-1C321D4787A3}.Debug|x64.ActiveCfg = Debug|Any CPU
		{DD58FDEE-55B4-4DF7-A625-1C321D4787A3}.Debug|x64.Build.0 = Debug|Any CPU
		{DD58FDEE-55B4-4DF7-A625-1C321D4787A3}.Debug|x86.ActiveCfg = Debug|Any CPU
		{DD58FDEE-55B4-4DF7-A625-1C321D4787A3}.Debug|x86.Build.0 = Debug|Any CPU
		{DD58FDEE-55B4-4DF7-A625-1C321D4787A3}.Release|Any CPU.ActiveCfg = Release|Any CPU
		{DD58FDEE-55B4-4DF7-A625-1C321D4787A3}.Release|Any CPU.Build.0 = Release|Any CPU
		{DD58FDEE-55B4-4DF7-A625-1C321D4787A3}.Release|x64.ActiveCfg = Release|Any CPU
		{DD58FDEE-55B4-4DF7-A625-1C321D4787A3}.Release|x64.Build.0 = Release|Any CPU
		{DD58FDEE-55B4-4DF7-A625-1C321D4787A3}.Release|x86.ActiveCfg = Release|Any CPU
		{DD58FDEE-55B4-4DF7-A625-1C321D4787A3}.Release|x86.Build.0 = Release|Any CPU
		{82E3EC3A-FEA4-4FF3-A464-61C7327E7E0F}.Debug|Any CPU.ActiveCfg = Debug|Any CPU
		{82E3EC3A-FEA4-4FF3-A464-61C7327E7E0F}.Debug|Any CPU.Build.0 = Debug|Any CPU
		{82E3EC3A-FEA4-4FF3-A464-61C7327E7E0F}.Debug|x64.ActiveCfg = Debug|Any CPU
		{82E3EC3A-FEA4-4FF3-A464-61C7327E7E0F}.Debug|x64.Build.0 = Debug|Any CPU
		{82E3EC3A-FEA4-4FF3-A464-61C7327E7E0F}.Debug|x86.ActiveCfg = Debug|Any CPU
		{82E3EC3A-FEA4-4FF3-A464-61C7327E7E0F}.Debug|x86.Build.0 = Debug|Any CPU
		{82E3EC3A-FEA4-4FF3-A464-61C7327E7E0F}.Release|Any CPU.ActiveCfg = Release|Any CPU
		{82E3EC3A-FEA4-4FF3-A464-61C7327E7E0F}.Release|Any CPU.Build.0 = Release|Any CPU
		{82E3EC3A-FEA4-4FF3-A464-61C7327E7E0F}.Release|x64.ActiveCfg = Release|Any CPU
		{82E3EC3A-FEA4-4FF3-A464-61C7327E7E0F}.Release|x64.Build.0 = Release|Any CPU
		{82E3EC3A-FEA4-4FF3-A464-61C7327E7E0F}.Release|x86.ActiveCfg = Release|Any CPU
		{82E3EC3A-FEA4-4FF3-A464-61C7327E7E0F}.Release|x86.Build.0 = Release|Any CPU
	EndGlobalSection
	GlobalSection(SolutionProperties) = preSolution
		HideSolutionNode = FALSE
	EndGlobalSection
	GlobalSection(NestedProjects) = preSolution
		{8E5F17C2-65BC-4313-894C-703CF32F681F} = {57C84ACF-0DFB-43BF-A85D-34BA597F5C6B}
		{DD58FDEE-55B4-4DF7-A625-1C321D4787A3} = {57C84ACF-0DFB-43BF-A85D-34BA597F5C6B}
		{82E3EC3A-FEA4-4FF3-A464-61C7327E7E0F} = {57C84ACF-0DFB-43BF-A85D-34BA597F5C6B}
	EndGlobalSection
	GlobalSection(ExtensibilityGlobals) = postSolution
		SolutionGuid = {3F58E24F-2E7E-4358-A2B0-33CB7D619B30}
	EndGlobalSection
EndGlobal
